// !$*UTF8*$!
{
	archiveVersion = 1;
	classes = {
	};
	objectVersion = 55;
	objects = {

/* Begin PBXBuildFile section */
		14DA382C2722C44300DCD6A4 /* AppDelegate.swift in Sources */ = {isa = PBXBuildFile; fileRef = 14DA382B2722C44300DCD6A4 /* AppDelegate.swift */; };
		14DA38302722C44300DCD6A4 /* ViewController.swift in Sources */ = {isa = PBXBuildFile; fileRef = 14DA382F2722C44300DCD6A4 /* ViewController.swift */; };
		14DA38332722C44300DCD6A4 /* Main.storyboard in Resources */ = {isa = PBXBuildFile; fileRef = 14DA38312722C44300DCD6A4 /* Main.storyboard */; };
		14DA38352722C44700DCD6A4 /* Assets.xcassets in Resources */ = {isa = PBXBuildFile; fileRef = 14DA38342722C44700DCD6A4 /* Assets.xcassets */; };
		14DA38382722C44700DCD6A4 /* LaunchScreen.storyboard in Resources */ = {isa = PBXBuildFile; fileRef = 14DA38362722C44700DCD6A4 /* LaunchScreen.storyboard */; };
		14DA38432722C44800DCD6A4 /* SwinetTests.swift in Sources */ = {isa = PBXBuildFile; fileRef = 14DA38422722C44800DCD6A4 /* SwinetTests.swift */; };
		14DA385C2722C51100DCD6A4 /* SwinetExamples.swift in Sources */ = {isa = PBXBuildFile; fileRef = 14DA385B2722C51100DCD6A4 /* SwinetExamples.swift */; };
		14DA385F2722C51A00DCD6A4 /* Swinet.swift in Sources */ = {isa = PBXBuildFile; fileRef = 14DA385E2722C51A00DCD6A4 /* Swinet.swift */; };
/* End PBXBuildFile section */

/* Begin PBXContainerItemProxy section */
		14DA383F2722C44800DCD6A4 /* PBXContainerItemProxy */ = {
			isa = PBXContainerItemProxy;
			containerPortal = 14DA38202722C44300DCD6A4 /* Project object */;
			proxyType = 1;
			remoteGlobalIDString = 14DA38272722C44300DCD6A4;
			remoteInfo = Swinet;
		};
/* End PBXContainerItemProxy section */

/* Begin PBXFileReference section */
		14DA38282722C44300DCD6A4 /* Swinet.app */ = {isa = PBXFileReference; explicitFileType = wrapper.application; includeInIndex = 0; path = Swinet.app; sourceTree = BUILT_PRODUCTS_DIR; };
		14DA382B2722C44300DCD6A4 /* AppDelegate.swift */ = {isa = PBXFileReference; lastKnownFileType = sourcecode.swift; path = AppDelegate.swift; sourceTree = "<group>"; };
		14DA382F2722C44300DCD6A4 /* ViewController.swift */ = {isa = PBXFileReference; lastKnownFileType = sourcecode.swift; path = ViewController.swift; sourceTree = "<group>"; };
		14DA38322722C44300DCD6A4 /* Base */ = {isa = PBXFileReference; lastKnownFileType = file.storyboard; name = Base; path = Base.lproj/Main.storyboard; sourceTree = "<group>"; };
		14DA38342722C44700DCD6A4 /* Assets.xcassets */ = {isa = PBXFileReference; lastKnownFileType = folder.assetcatalog; path = Assets.xcassets; sourceTree = "<group>"; };
		14DA38372722C44700DCD6A4 /* Base */ = {isa = PBXFileReference; lastKnownFileType = file.storyboard; name = Base; path = Base.lproj/LaunchScreen.storyboard; sourceTree = "<group>"; };
		14DA38392722C44700DCD6A4 /* Info.plist */ = {isa = PBXFileReference; lastKnownFileType = text.plist.xml; path = Info.plist; sourceTree = "<group>"; };
		14DA383E2722C44800DCD6A4 /* SwinetTests.xctest */ = {isa = PBXFileReference; explicitFileType = wrapper.cfbundle; includeInIndex = 0; path = SwinetTests.xctest; sourceTree = BUILT_PRODUCTS_DIR; };
		14DA38422722C44800DCD6A4 /* SwinetTests.swift */ = {isa = PBXFileReference; lastKnownFileType = sourcecode.swift; path = SwinetTests.swift; sourceTree = "<group>"; };
		14DA385B2722C51100DCD6A4 /* SwinetExamples.swift */ = {isa = PBXFileReference; fileEncoding = 4; lastKnownFileType = sourcecode.swift; path = SwinetExamples.swift; sourceTree = "<group>"; };
		14DA385E2722C51A00DCD6A4 /* Swinet.swift */ = {isa = PBXFileReference; fileEncoding = 4; lastKnownFileType = sourcecode.swift; path = Swinet.swift; sourceTree = "<group>"; };
/* End PBXFileReference section */

/* Begin PBXFrameworksBuildPhase section */
		14DA38252722C44300DCD6A4 /* Frameworks */ = {
			isa = PBXFrameworksBuildPhase;
			buildActionMask = 2147483647;
			files = (
			);
			runOnlyForDeploymentPostprocessing = 0;
		};
		14DA383B2722C44800DCD6A4 /* Frameworks */ = {
			isa = PBXFrameworksBuildPhase;
			buildActionMask = 2147483647;
			files = (
			);
			runOnlyForDeploymentPostprocessing = 0;
		};
/* End PBXFrameworksBuildPhase section */

/* Begin PBXGroup section */
		14DA381F2722C44300DCD6A4 = {
			isa = PBXGroup;
			children = (
				14DA385D2722C51A00DCD6A4 /* Source */,
				14DA382A2722C44300DCD6A4 /* Swinet */,
				14DA38412722C44800DCD6A4 /* SwinetTests */,
				14DA38292722C44300DCD6A4 /* Products */,
			);
			sourceTree = "<group>";
		};
		14DA38292722C44300DCD6A4 /* Products */ = {
			isa = PBXGroup;
			children = (
				14DA38282722C44300DCD6A4 /* Swinet.app */,
				14DA383E2722C44800DCD6A4 /* SwinetTests.xctest */,
			);
			name = Products;
			sourceTree = "<group>";
		};
		14DA382A2722C44300DCD6A4 /* Swinet */ = {
			isa = PBXGroup;
			children = (
				14DA385B2722C51100DCD6A4 /* SwinetExamples.swift */,
				14DA382B2722C44300DCD6A4 /* AppDelegate.swift */,
				14DA382F2722C44300DCD6A4 /* ViewController.swift */,
				14DA38312722C44300DCD6A4 /* Main.storyboard */,
				14DA38342722C44700DCD6A4 /* Assets.xcassets */,
				14DA38362722C44700DCD6A4 /* LaunchScreen.storyboard */,
				14DA38392722C44700DCD6A4 /* Info.plist */,
			);
			path = Swinet;
			sourceTree = "<group>";
		};
		14DA38412722C44800DCD6A4 /* SwinetTests */ = {
			isa = PBXGroup;
			children = (
				14DA38422722C44800DCD6A4 /* SwinetTests.swift */,
			);
			path = SwinetTests;
			sourceTree = "<group>";
		};
		14DA385D2722C51A00DCD6A4 /* Source */ = {
			isa = PBXGroup;
			children = (
				14DA385E2722C51A00DCD6A4 /* Swinet.swift */,
			);
			path = Source;
			sourceTree = "<group>";
		};
/* End PBXGroup section */

/* Begin PBXNativeTarget section */
		14DA38272722C44300DCD6A4 /* Swinet */ = {
			isa = PBXNativeTarget;
			buildConfigurationList = 14DA38522722C44800DCD6A4 /* Build configuration list for PBXNativeTarget "Swinet" */;
			buildPhases = (
				14DA38242722C44300DCD6A4 /* Sources */,
				14DA38252722C44300DCD6A4 /* Frameworks */,
				14DA38262722C44300DCD6A4 /* Resources */,
			);
			buildRules = (
			);
			dependencies = (
			);
			name = Swinet;
			productName = Swinet;
			productReference = 14DA38282722C44300DCD6A4 /* Swinet.app */;
			productType = "com.apple.product-type.application";
		};
		14DA383D2722C44800DCD6A4 /* SwinetTests */ = {
			isa = PBXNativeTarget;
			buildConfigurationList = 14DA38552722C44800DCD6A4 /* Build configuration list for PBXNativeTarget "SwinetTests" */;
			buildPhases = (
				14DA383A2722C44800DCD6A4 /* Sources */,
				14DA383B2722C44800DCD6A4 /* Frameworks */,
				14DA383C2722C44800DCD6A4 /* Resources */,
			);
			buildRules = (
			);
			dependencies = (
				14DA38402722C44800DCD6A4 /* PBXTargetDependency */,
			);
			name = SwinetTests;
			productName = SwinetTests;
			productReference = 14DA383E2722C44800DCD6A4 /* SwinetTests.xctest */;
			productType = "com.apple.product-type.bundle.unit-test";
		};
/* End PBXNativeTarget section */

/* Begin PBXProject section */
		14DA38202722C44300DCD6A4 /* Project object */ = {
			isa = PBXProject;
			attributes = {
				BuildIndependentTargetsInParallel = 1;
				LastSwiftUpdateCheck = 1300;
				LastUpgradeCheck = 1300;
				TargetAttributes = {
					14DA38272722C44300DCD6A4 = {
						CreatedOnToolsVersion = 13.0;
					};
					14DA383D2722C44800DCD6A4 = {
						CreatedOnToolsVersion = 13.0;
						TestTargetID = 14DA38272722C44300DCD6A4;
					};
				};
			};
			buildConfigurationList = 14DA38232722C44300DCD6A4 /* Build configuration list for PBXProject "Swinet" */;
			compatibilityVersion = "Xcode 13.0";
			developmentRegion = en;
			hasScannedForEncodings = 0;
			knownRegions = (
				en,
				Base,
			);
			mainGroup = 14DA381F2722C44300DCD6A4;
			productRefGroup = 14DA38292722C44300DCD6A4 /* Products */;
			projectDirPath = "";
			projectRoot = "";
			targets = (
				14DA38272722C44300DCD6A4 /* Swinet */,
				14DA383D2722C44800DCD6A4 /* SwinetTests */,
			);
		};
/* End PBXProject section */

/* Begin PBXResourcesBuildPhase section */
		14DA38262722C44300DCD6A4 /* Resources */ = {
			isa = PBXResourcesBuildPhase;
			buildActionMask = 2147483647;
			files = (
				14DA38382722C44700DCD6A4 /* LaunchScreen.storyboard in Resources */,
				14DA38352722C44700DCD6A4 /* Assets.xcassets in Resources */,
				14DA38332722C44300DCD6A4 /* Main.storyboard in Resources */,
			);
			runOnlyForDeploymentPostprocessing = 0;
		};
		14DA383C2722C44800DCD6A4 /* Resources */ = {
			isa = PBXResourcesBuildPhase;
			buildActionMask = 2147483647;
			files = (
			);
			runOnlyForDeploymentPostprocessing = 0;
		};
/* End PBXResourcesBuildPhase section */

/* Begin PBXSourcesBuildPhase section */
		14DA38242722C44300DCD6A4 /* Sources */ = {
			isa = PBXSourcesBuildPhase;
			buildActionMask = 2147483647;
			files = (
				14DA38302722C44300DCD6A4 /* ViewController.swift in Sources */,
				14DA385F2722C51A00DCD6A4 /* Swinet.swift in Sources */,
				14DA382C2722C44300DCD6A4 /* AppDelegate.swift in Sources */,
				14DA385C2722C51100DCD6A4 /* SwinetExamples.swift in Sources */,
			);
			runOnlyForDeploymentPostprocessing = 0;
		};
		14DA383A2722C44800DCD6A4 /* Sources */ = {
			isa = PBXSourcesBuildPhase;
			buildActionMask = 2147483647;
			files = (
				14DA38432722C44800DCD6A4 /* SwinetTests.swift in Sources */,
			);
			runOnlyForDeploymentPostprocessing = 0;
		};
/* End PBXSourcesBuildPhase section */

/* Begin PBXTargetDependency section */
		14DA38402722C44800DCD6A4 /* PBXTargetDependency */ = {
			isa = PBXTargetDependency;
			target = 14DA38272722C44300DCD6A4 /* Swinet */;
			targetProxy = 14DA383F2722C44800DCD6A4 /* PBXContainerItemProxy */;
		};
/* End PBXTargetDependency section */

/* Begin PBXVariantGroup section */
		14DA38312722C44300DCD6A4 /* Main.storyboard */ = {
			isa = PBXVariantGroup;
			children = (
				14DA38322722C44300DCD6A4 /* Base */,
			);
			name = Main.storyboard;
			sourceTree = "<group>";
		};
		14DA38362722C44700DCD6A4 /* LaunchScreen.storyboard */ = {
			isa = PBXVariantGroup;
			children = (
				14DA38372722C44700DCD6A4 /* Base */,
			);
			name = LaunchScreen.storyboard;
			sourceTree = "<group>";
		};
/* End PBXVariantGroup section */

/* Begin XCBuildConfiguration section */
		14DA38502722C44800DCD6A4 /* Debug */ = {
			isa = XCBuildConfiguration;
			buildSettings = {
				ALWAYS_SEARCH_USER_PATHS = NO;
				CLANG_ANALYZER_NONNULL = YES;
				CLANG_ANALYZER_NUMBER_OBJECT_CONVERSION = YES_AGGRESSIVE;
				CLANG_CXX_LANGUAGE_STANDARD = "gnu++17";
				CLANG_CXX_LIBRARY = "libc++";
				CLANG_ENABLE_MODULES = YES;
				CLANG_ENABLE_OBJC_ARC = YES;
				CLANG_ENABLE_OBJC_WEAK = YES;
				CLANG_WARN_BLOCK_CAPTURE_AUTORELEASING = YES;
				CLANG_WARN_BOOL_CONVERSION = YES;
				CLANG_WARN_COMMA = YES;
				CLANG_WARN_CONSTANT_CONVERSION = YES;
				CLANG_WARN_DEPRECATED_OBJC_IMPLEMENTATIONS = YES;
				CLANG_WARN_DIRECT_OBJC_ISA_USAGE = YES_ERROR;
				CLANG_WARN_DOCUMENTATION_COMMENTS = YES;
				CLANG_WARN_EMPTY_BODY = YES;
				CLANG_WARN_ENUM_CONVERSION = YES;
				CLANG_WARN_INFINITE_RECURSION = YES;
				CLANG_WARN_INT_CONVERSION = YES;
				CLANG_WARN_NON_LITERAL_NULL_CONVERSION = YES;
				CLANG_WARN_OBJC_IMPLICIT_RETAIN_SELF = YES;
				CLANG_WARN_OBJC_LITERAL_CONVERSION = YES;
				CLANG_WARN_OBJC_ROOT_CLASS = YES_ERROR;
				CLANG_WARN_QUOTED_INCLUDE_IN_FRAMEWORK_HEADER = YES;
				CLANG_WARN_RANGE_LOOP_ANALYSIS = YES;
				CLANG_WARN_STRICT_PROTOTYPES = YES;
				CLANG_WARN_SUSPICIOUS_MOVE = YES;
				CLANG_WARN_UNGUARDED_AVAILABILITY = YES_AGGRESSIVE;
				CLANG_WARN_UNREACHABLE_CODE = YES;
				CLANG_WARN__DUPLICATE_METHOD_MATCH = YES;
				COPY_PHASE_STRIP = NO;
				DEBUG_INFORMATION_FORMAT = dwarf;
				ENABLE_STRICT_OBJC_MSGSEND = YES;
				ENABLE_TESTABILITY = YES;
				GCC_C_LANGUAGE_STANDARD = gnu11;
				GCC_DYNAMIC_NO_PIC = NO;
				GCC_NO_COMMON_BLOCKS = YES;
				GCC_OPTIMIZATION_LEVEL = 0;
				GCC_PREPROCESSOR_DEFINITIONS = (
					"DEBUG=1",
					"$(inherited)",
				);
				GCC_WARN_64_TO_32_BIT_CONVERSION = YES;
				GCC_WARN_ABOUT_RETURN_TYPE = YES_ERROR;
				GCC_WARN_UNDECLARED_SELECTOR = YES;
				GCC_WARN_UNINITIALIZED_AUTOS = YES_AGGRESSIVE;
				GCC_WARN_UNUSED_FUNCTION = YES;
				GCC_WARN_UNUSED_VARIABLE = YES;
				IPHONEOS_DEPLOYMENT_TARGET = 15.0;
				MTL_ENABLE_DEBUG_INFO = INCLUDE_SOURCE;
				MTL_FAST_MATH = YES;
				ONLY_ACTIVE_ARCH = YES;
				SDKROOT = iphoneos;
				SWIFT_ACTIVE_COMPILATION_CONDITIONS = DEBUG;
				SWIFT_OPTIMIZATION_LEVEL = "-Onone";
			};
			name = Debug;
		};
		14DA38512722C44800DCD6A4 /* Release */ = {
			isa = XCBuildConfiguration;
			buildSettings = {
				ALWAYS_SEARCH_USER_PATHS = NO;
				CLANG_ANALYZER_NONNULL = YES;
				CLANG_ANALYZER_NUMBER_OBJECT_CONVERSION = YES_AGGRESSIVE;
				CLANG_CXX_LANGUAGE_STANDARD = "gnu++17";
				CLANG_CXX_LIBRARY = "libc++";
				CLANG_ENABLE_MODULES = YES;
				CLANG_ENABLE_OBJC_ARC = YES;
				CLANG_ENABLE_OBJC_WEAK = YES;
				CLANG_WARN_BLOCK_CAPTURE_AUTORELEASING = YES;
				CLANG_WARN_BOOL_CONVERSION = YES;
				CLANG_WARN_COMMA = YES;
				CLANG_WARN_CONSTANT_CONVERSION = YES;
				CLANG_WARN_DEPRECATED_OBJC_IMPLEMENTATIONS = YES;
				CLANG_WARN_DIRECT_OBJC_ISA_USAGE = YES_ERROR;
				CLANG_WARN_DOCUMENTATION_COMMENTS = YES;
				CLANG_WARN_EMPTY_BODY = YES;
				CLANG_WARN_ENUM_CONVERSION = YES;
				CLANG_WARN_INFINITE_RECURSION = YES;
				CLANG_WARN_INT_CONVERSION = YES;
				CLANG_WARN_NON_LITERAL_NULL_CONVERSION = YES;
				CLANG_WARN_OBJC_IMPLICIT_RETAIN_SELF = YES;
				CLANG_WARN_OBJC_LITERAL_CONVERSION = YES;
				CLANG_WARN_OBJC_ROOT_CLASS = YES_ERROR;
				CLANG_WARN_QUOTED_INCLUDE_IN_FRAMEWORK_HEADER = YES;
				CLANG_WARN_RANGE_LOOP_ANALYSIS = YES;
				CLANG_WARN_STRICT_PROTOTYPES = YES;
				CLANG_WARN_SUSPICIOUS_MOVE = YES;
				CLANG_WARN_UNGUARDED_AVAILABILITY = YES_AGGRESSIVE;
				CLANG_WARN_UNREACHABLE_CODE = YES;
				CLANG_WARN__DUPLICATE_METHOD_MATCH = YES;
				COPY_PHASE_STRIP = NO;
				DEBUG_INFORMATION_FORMAT = "dwarf-with-dsym";
				ENABLE_NS_ASSERTIONS = NO;
				ENABLE_STRICT_OBJC_MSGSEND = YES;
				GCC_C_LANGUAGE_STANDARD = gnu11;
				GCC_NO_COMMON_BLOCKS = YES;
				GCC_WARN_64_TO_32_BIT_CONVERSION = YES;
				GCC_WARN_ABOUT_RETURN_TYPE = YES_ERROR;
				GCC_WARN_UNDECLARED_SELECTOR = YES;
				GCC_WARN_UNINITIALIZED_AUTOS = YES_AGGRESSIVE;
				GCC_WARN_UNUSED_FUNCTION = YES;
				GCC_WARN_UNUSED_VARIABLE = YES;
				IPHONEOS_DEPLOYMENT_TARGET = 15.0;
				MTL_ENABLE_DEBUG_INFO = NO;
				MTL_FAST_MATH = YES;
				SDKROOT = iphoneos;
				SWIFT_COMPILATION_MODE = wholemodule;
				SWIFT_OPTIMIZATION_LEVEL = "-O";
				VALIDATE_PRODUCT = YES;
			};
			name = Release;
		};
		14DA38532722C44800DCD6A4 /* Debug */ = {
			isa = XCBuildConfiguration;
			buildSettings = {
				ASSETCATALOG_COMPILER_APPICON_NAME = AppIcon;
				ASSETCATALOG_COMPILER_GLOBAL_ACCENT_COLOR_NAME = AccentColor;
				CODE_SIGN_STYLE = Automatic;
				CURRENT_PROJECT_VERSION = 1;
				GENERATE_INFOPLIST_FILE = YES;
				INFOPLIST_FILE = Swinet/Info.plist;
				INFOPLIST_KEY_UIApplicationSupportsIndirectInputEvents = YES;
				INFOPLIST_KEY_UILaunchStoryboardName = LaunchScreen;
				INFOPLIST_KEY_UIMainStoryboardFile = Main;
				INFOPLIST_KEY_UISupportedInterfaceOrientations_iPad = "UIInterfaceOrientationPortrait UIInterfaceOrientationPortraitUpsideDown UIInterfaceOrientationLandscapeLeft UIInterfaceOrientationLandscapeRight";
				INFOPLIST_KEY_UISupportedInterfaceOrientations_iPhone = "UIInterfaceOrientationPortrait UIInterfaceOrientationLandscapeLeft UIInterfaceOrientationLandscapeRight";
				IPHONEOS_DEPLOYMENT_TARGET = 11.0;
				LD_RUNPATH_SEARCH_PATHS = (
					"$(inherited)",
					"@executable_path/Frameworks",
				);
				MARKETING_VERSION = 1.0;
				PRODUCT_BUNDLE_IDENTIFIER = com.dinhquan.Swinet;
				PRODUCT_NAME = "$(TARGET_NAME)";
				SWIFT_EMIT_LOC_STRINGS = YES;
				SWIFT_VERSION = 5.0;
				TARGETED_DEVICE_FAMILY = "1,2";
			};
			name = Debug;
		};
		14DA38542722C44800DCD6A4 /* Release */ = {
			isa = XCBuildConfiguration;
			buildSettings = {
				ASSETCATALOG_COMPILER_APPICON_NAME = AppIcon;
				ASSETCATALOG_COMPILER_GLOBAL_ACCENT_COLOR_NAME = AccentColor;
				CODE_SIGN_STYLE = Automatic;
				CURRENT_PROJECT_VERSION = 1;
				GENERATE_INFOPLIST_FILE = YES;
				INFOPLIST_FILE = Swinet/Info.plist;
				INFOPLIST_KEY_UIApplicationSupportsIndirectInputEvents = YES;
				INFOPLIST_KEY_UILaunchStoryboardName = LaunchScreen;
				INFOPLIST_KEY_UIMainStoryboardFile = Main;
				INFOPLIST_KEY_UISupportedInterfaceOrientations_iPad = "UIInterfaceOrientationPortrait UIInterfaceOrientationPortraitUpsideDown UIInterfaceOrientationLandscapeLeft UIInterfaceOrientationLandscapeRight";
				INFOPLIST_KEY_UISupportedInterfaceOrientations_iPhone = "UIInterfaceOrientationPortrait UIInterfaceOrientationLandscapeLeft UIInterfaceOrientationLandscapeRight";
				IPHONEOS_DEPLOYMENT_TARGET = 11.0;
				LD_RUNPATH_SEARCH_PATHS = (
					"$(inherited)",
					"@executable_path/Frameworks",
				);
				MARKETING_VERSION = 1.0;
				PRODUCT_BUNDLE_IDENTIFIER = com.dinhquan.Swinet;
				PRODUCT_NAME = "$(TARGET_NAME)";
				SWIFT_EMIT_LOC_STRINGS = YES;
				SWIFT_VERSION = 5.0;
				TARGETED_DEVICE_FAMILY = "1,2";
			};
			name = Release;
		};
		14DA38562722C44800DCD6A4 /* Debug */ = {
			isa = XCBuildConfiguration;
			buildSettings = {
				ALWAYS_EMBED_SWIFT_STANDARD_LIBRARIES = YES;
				BUNDLE_LOADER = "$(TEST_HOST)";
				CODE_SIGN_STYLE = Automatic;
				CURRENT_PROJECT_VERSION = 1;
				GENERATE_INFOPLIST_FILE = YES;
				IPHONEOS_DEPLOYMENT_TARGET = 15.0;
				LD_RUNPATH_SEARCH_PATHS = (
					"$(inherited)",
					"@executable_path/Frameworks",
					"@loader_path/Frameworks",
				);
				MARKETING_VERSION = 1.0;
				PRODUCT_BUNDLE_IDENTIFIER = com.dinhquan.SwinetTests;
				PRODUCT_NAME = "$(TARGET_NAME)";
				SWIFT_EMIT_LOC_STRINGS = NO;
				SWIFT_VERSION = 5.0;
				TARGETED_DEVICE_FAMILY = "1,2";
				TEST_HOST = "$(BUILT_PRODUCTS_DIR)/Swinet.app/Swinet";
			};
			name = Debug;
		};
		14DA38572722C44800DCD6A4 /* Release */ = {
			isa = XCBuildConfiguration;
			buildSettings = {
				ALWAYS_EMBED_SWIFT_STANDARD_LIBRARIES = YES;
				BUNDLE_LOADER = "$(TEST_HOST)";
				CODE_SIGN_STYLE = Automatic;
				CURRENT_PROJECT_VERSION = 1;
				GENERATE_INFOPLIST_FILE = YES;
				IPHONEOS_DEPLOYMENT_TARGET = 15.0;
				LD_RUNPATH_SEARCH_PATHS = (
					"$(inherited)",
					"@executable_path/Frameworks",
					"@loader_path/Frameworks",
				);
				MARKETING_VERSION = 1.0;
				PRODUCT_BUNDLE_IDENTIFIER = com.dinhquan.SwinetTests;
				PRODUCT_NAME = "$(TARGET_NAME)";
				SWIFT_EMIT_LOC_STRINGS = NO;
				SWIFT_VERSION = 5.0;
				TARGETED_DEVICE_FAMILY = "1,2";
				TEST_HOST = "$(BUILT_PRODUCTS_DIR)/Swinet.app/Swinet";
			};
			name = Release;
		};
/* End XCBuildConfiguration section */

/* Begin XCConfigurationList section */
		14DA38232722C44300DCD6A4 /* Build configuration list for PBXProject "Swinet" */ = {
			isa = XCConfigurationList;
			buildConfigurations = (
				14DA38502722C44800DCD6A4 /* Debug */,
				14DA38512722C44800DCD6A4 /* Release */,
			);
			defaultConfigurationIsVisible = 0;
			defaultConfigurationName = Release;
		};
		14DA38522722C44800DCD6A4 /* Build configuration list for PBXNativeTarget "Swinet" */ = {
			isa = XCConfigurationList;
			buildConfigurations = (
				14DA38532722C44800DCD6A4 /* Debug */,
				14DA38542722C44800DCD6A4 /* Release */,
			);
			defaultConfigurationIsVisible = 0;
			defaultConfigurationName = Release;
		};
		14DA38552722C44800DCD6A4 /* Build configuration list for PBXNativeTarget "SwinetTests" */ = {
			isa = XCConfigurationList;
			buildConfigurations = (
				14DA38562722C44800DCD6A4 /* Debug */,
				14DA38572722C44800DCD6A4 /* Release */,
			);
			defaultConfigurationIsVisible = 0;
			defaultConfigurationName = Release;
		};
/* End XCConfigurationList section */
	};
	rootObject = 14DA38202722C44300DCD6A4 /* Project object */;
}
